
Microsoft Visual Studio Solution File, Format Version 12.00
# Visual Studio Version 17
VisualStudioVersion = 17.5.002.0
MinimumVisualStudioVersion = 10.0.40219.1
Project("{9A19103F-16F7-4668-BE54-9A1E7A4F7556}") = "Rights Hero", "Rights Hero.csproj", "{0CE4BEFE-354A-4CFC-8105-5E5F2134D743}"
EndProject
Global
	GlobalSection(SolutionConfigurationPlatforms) = preSolution
		Debug|Any CPU = Debug|Any CPU
		Release|Any CPU = Release|Any CPU
	EndGlobalSection
	GlobalSection(ProjectConfigurationPlatforms) = postSolution
		{0CE4BEFE-354A-4CFC-8105-5E5F2134D743}.Debug|Any CPU.ActiveCfg = Debug|Any CPU
		{0CE4BEFE-354A-4CFC-8105-5E5F2134D743}.Debug|Any CPU.Build.0 = Debug|Any CPU
		{0CE4BEFE-354A-4CFC-8105-5E5F2134D743}.Release|Any CPU.ActiveCfg = Release|Any CPU
		{0CE4BEFE-354A-4CFC-8105-5E5F2134D743}.Release|Any CPU.Build.0 = Release|Any CPU
	EndGlobalSection
	GlobalSection(SolutionProperties) = preSolution
		HideSolutionNode = FALSE
	EndGlobalSection
	GlobalSection(ExtensibilityGlobals) = postSolution
		SolutionGuid = {D1F4142E-17A4-4FBE-812F-F8F7642343D3}
	EndGlobalSection
EndGlobal
